github.com/is386/GoCHIP v0.0.0-20220110190821-6431a676c157 h1:A/mFVV+3gI7jrpzPkQrYYRUFTkx9mV6+R0wjtoDemwY=
github.com/is386/GoCHIP v0.0.0-20220110190821-6431a676c157/go.mod h1:hK1W6vs5MYu+3BaVxhllScdEqdpB5+FXGDX7P8sUKw8=
github.com/veandco/go-sdl2 v0.4.10 h1:8QoD2bhWl7SbQDflIAUYWfl9Vq+mT8/boJFAUzAScgY=
github.com/veandco/go-sdl2 v0.4.10/go.mod h1:OROqMhHD43nT4/i9crJukyVecjPNYYuCofep6SNiAjY=
